
Microsoft Visual Studio Solution File, Format Version 12.00
# Visual Studio 15
VisualStudioVersion = 15.0.27130.2036
MinimumVisualStudioVersion = 10.0.40219.1
Project("{FAE04EC0-301F-11D3-BF4B-00C04F79EFBC}") = "TournamentSwag", "TournamentSwag\TournamentSwag.csproj", "{FA05AD22-FC89-4699-B2FC-562038AF7F00}"
EndProject
Global
	GlobalSection(SolutionConfigurationPlatforms) = preSolution
		Debug|Any CPU = Debug|Any CPU
		Release|Any CPU = Release|Any CPU
	EndGlobalSection
	GlobalSection(ProjectConfigurationPlatforms) = postSolution
		{FA05AD22-FC89-4699-B2FC-562038AF7F00}.Debug|Any CPU.ActiveCfg = Debug|Any CPU
		{FA05AD22-FC89-4699-B2FC-562038AF7F00}.Debug|Any CPU.Build.0 = Debug|Any CPU
		{FA05AD22-FC89-4699-B2FC-562038AF7F00}.Release|Any CPU.ActiveCfg = Release|Any CPU
		{FA05AD22-FC89-4699-B2FC-562038AF7F00}.Release|Any CPU.Build.0 = Release|Any CPU
	EndGlobalSection
	GlobalSection(SolutionProperties) = preSolution
		HideSolutionNode = FALSE
	EndGlobalSection
	GlobalSection(ExtensibilityGlobals) = postSolution
		SolutionGuid = {F4705B11-E46F-4021-9735-A4CFB5F2D180}
	EndGlobalSection
EndGlobal
